<?xml version="1.0" encoding="UTF-8" standalone="yes" ?>
<CodeBlocks_project_file>
	<FileVersion major="1" minor="6" />
	<Project>
		<Option title="stratego" />
		<Option pch_mode="2" />
		<Option compiler="gcc" />
		<Build>
			<Target title="Debug">
				<Option output="bin/Debug/stratego" prefix_auto="1" extension_auto="1" />
				<Option object_output="obj/Debug/" />
				<Option type="1" />
				<Option compiler="gcc" />
				<Compiler>
					<Add option="-g" />
				</Compiler>
			</Target>
			<Target title="Release">
				<Option output="bin/Release/stratego" prefix_auto="1" extension_auto="1" />
				<Option object_output="obj/Release/" />
				<Option type="0" />
				<Option compiler="gcc" />
				<Compiler>
					<Add option="-O2" />
				</Compiler>
				<Linker>
					<Add option="-s" />
				</Linker>
			</Target>
		</Build>
		<Compiler>
			<Add option="-Wall" />
			<Add option="`sdl-config --cflags` `xml2-config --cflags`" />
		</Compiler>
		<Linker>
			<Add option="menu.cpp timer.cpp `sdl-config --libs` -lSDL_image -lSDL_net -lSDL_ttf `xml2-config --libs`" />
		</Linker>
		<Unit filename="boden.h">
			<Option target="&lt;{~None~}&gt;" />
		</Unit>
		<Unit filename="cb.bmp" />
		<Unit filename="drawengine.cpp" />
		<Unit filename="drawengine.h" />
		<Unit filename="feld.cpp" />
		<Unit filename="feld.h" />
		<Unit filename="figur.h">
			<Option target="&lt;{~None~}&gt;" />
		</Unit>
		<Unit filename="game.cpp" />
		<Unit filename="game.h" />
		<Unit filename="helper.h">
			<Option target="&lt;{~None~}&gt;" />
		</Unit>
		<Unit filename="level.cpp" />
		<Unit filename="level.h" />
		<Unit filename="main.cpp" />
		<Unit filename="menu.cpp">
			<Option target="&lt;{~None~}&gt;" />
		</Unit>
		<Unit filename="menu.h">
			<Option target="&lt;{~None~}&gt;" />
		</Unit>
		<Unit filename="network.cpp">
			<Option target="&lt;{~None~}&gt;" />
		</Unit>
		<Unit filename="network.h">
			<Option target="&lt;{~None~}&gt;" />
		</Unit>
		<Unit filename="soldaten.cpp" />
		<Unit filename="soldaten.h" />
		<Unit filename="teamfarbe.h">
			<Option target="&lt;{~None~}&gt;" />
		</Unit>
		<Unit filename="timer.cpp">
			<Option target="&lt;{~None~}&gt;" />
		</Unit>
		<Unit filename="timer.h">
			<Option target="&lt;{~None~}&gt;" />
		</Unit>
		<Unit filename="token.cpp" />
		<Unit filename="token.h" />
		<Extensions>
			<envvars />
			<code_completion />
			<debugger />
			<lib_finder disable_auto="1" />
		</Extensions>
	</Project>
</CodeBlocks_project_file>
